// !$*UTF8*$!
{
	archiveVersion = 1;
	classes = {
	};
	objectVersion = 56;
	objects = {

/* Begin PBXBuildFile section */
		390A97765EEB3B38070627D0 /* Pods_Comi.framework in Frameworks */ = {isa = PBXBuildFile; fileRef = B0C36C82EAD07ADEAEBD718C /* Pods_Comi.framework */; };
		860761E82BF3A4A1003AA468 /* Supabase in Frameworks */ = {isa = PBXBuildFile; productRef = 860761E72BF3A4A1003AA468 /* Supabase */; };
		860DDC8A2BDF66BB007A8F13 /* ExFont.swift in Sources */ = {isa = PBXBuildFile; fileRef = 860DDC892BDF66BB007A8F13 /* ExFont.swift */; };
		860DDC962BDF6A2B007A8F13 /* Splash.swift in Sources */ = {isa = PBXBuildFile; fileRef = 860DDC952BDF6A2B007A8F13 /* Splash.swift */; };
		860DDC9A2BDF7977007A8F13 /* BackGround.swift in Sources */ = {isa = PBXBuildFile; fileRef = 860DDC992BDF7977007A8F13 /* BackGround.swift */; };
		860DDC9C2BDF7B0B007A8F13 /* OnboardPage.swift in Sources */ = {isa = PBXBuildFile; fileRef = 860DDC9B2BDF7B0B007A8F13 /* OnboardPage.swift */; };
		860DDC9E2BDF90E6007A8F13 /* BottomStartBtn.swift in Sources */ = {isa = PBXBuildFile; fileRef = 860DDC9D2BDF90E6007A8F13 /* BottomStartBtn.swift */; };
		860DDCA02BDF9EAC007A8F13 /* LoginView.swift in Sources */ = {isa = PBXBuildFile; fileRef = 860DDC9F2BDF9EAC007A8F13 /* LoginView.swift */; };
		860DDCA32BDFA230007A8F13 /* StartProcessData.swift in Sources */ = {isa = PBXBuildFile; fileRef = 860DDCA22BDFA230007A8F13 /* StartProcessData.swift */; };
		860DDCA62BDFA39F007A8F13 /* MainView.swift in Sources */ = {isa = PBXBuildFile; fileRef = 860DDCA52BDFA39F007A8F13 /* MainView.swift */; };
		8617DC932BE29E81007CFB73 /* ProfileView.swift in Sources */ = {isa = PBXBuildFile; fileRef = 8617DC922BE29E81007CFB73 /* ProfileView.swift */; };
		8617DC952BE29E87007CFB73 /* HomeView.swift in Sources */ = {isa = PBXBuildFile; fileRef = 8617DC942BE29E87007CFB73 /* HomeView.swift */; };
		8617DC972BE2AE5A007CFB73 /* ModelDetailView.swift in Sources */ = {isa = PBXBuildFile; fileRef = 8617DC962BE2AE5A007CFB73 /* ModelDetailView.swift */; };
		86190AAE2BE16CB500D650A4 /* ContactsView.swift in Sources */ = {isa = PBXBuildFile; fileRef = 86190AAD2BE16CB500D650A4 /* ContactsView.swift */; };
		8631A0BF2BE3D06D00C442B0 /* ModelModal.swift in Sources */ = {isa = PBXBuildFile; fileRef = 8631A0BE2BE3D06D00C442B0 /* ModelModal.swift */; };
		86447C0B2BEFDC8300C1988E /* ModelData.swift in Sources */ = {isa = PBXBuildFile; fileRef = 86447C0A2BEFDC8300C1988E /* ModelData.swift */; };
		86447C192BF1169300C1988E /* FavoritesViewModel.swift in Sources */ = {isa = PBXBuildFile; fileRef = 86447C182BF1169300C1988E /* FavoritesViewModel.swift */; };
		86447C1D2BF1171300C1988E /* ModelsSet.swift in Sources */ = {isa = PBXBuildFile; fileRef = 86447C1C2BF1171300C1988E /* ModelsSet.swift */; };
		86447C202BF1182800C1988E /* TopicsSet.swift in Sources */ = {isa = PBXBuildFile; fileRef = 86447C1F2BF1182800C1988E /* TopicsSet.swift */; };
		86447C222BF1183000C1988E /* TopicsDB.swift in Sources */ = {isa = PBXBuildFile; fileRef = 86447C212BF1183000C1988E /* TopicsDB.swift */; };
		86447C252BF11B6C00C1988E /* CallRecordsSet.swift in Sources */ = {isa = PBXBuildFile; fileRef = 86447C242BF11B6C00C1988E /* CallRecordsSet.swift */; };
		86447C272BF11B7700C1988E /* CallRecordsDB.swift in Sources */ = {isa = PBXBuildFile; fileRef = 86447C262BF11B7700C1988E /* CallRecordsDB.swift */; };
		864B3FC12B9F1DBA00F51FF6 /* ComiApp.swift in Sources */ = {isa = PBXBuildFile; fileRef = 864B3FC02B9F1DBA00F51FF6 /* ComiApp.swift */; };
		864B3FC32B9F1DBA00F51FF6 /* ContentView.swift in Sources */ = {isa = PBXBuildFile; fileRef = 864B3FC22B9F1DBA00F51FF6 /* ContentView.swift */; };
		864B3FC52B9F1DBB00F51FF6 /* Assets.xcassets in Resources */ = {isa = PBXBuildFile; fileRef = 864B3FC42B9F1DBB00F51FF6 /* Assets.xcassets */; };
		864B3FC82B9F1DBB00F51FF6 /* Preview Assets.xcassets in Resources */ = {isa = PBXBuildFile; fileRef = 864B3FC72B9F1DBB00F51FF6 /* Preview Assets.xcassets */; };
		867B25262BF33FF200861B66 /* UserData.swift in Sources */ = {isa = PBXBuildFile; fileRef = 867B25252BF33FF200861B66 /* UserData.swift */; };
		867B25282BF3424B00861B66 /* RealmSampleCode.swift in Sources */ = {isa = PBXBuildFile; fileRef = 867B25272BF3424B00861B66 /* RealmSampleCode.swift */; };
		867DA7C42BF22F52002BDA1C /* CallRecordData.swift in Sources */ = {isa = PBXBuildFile; fileRef = 867DA7C32BF22F52002BDA1C /* CallRecordData.swift */; };
		867DA7C62BF2368E002BDA1C /* RealmViewModel.swift in Sources */ = {isa = PBXBuildFile; fileRef = 867DA7C52BF2368E002BDA1C /* RealmViewModel.swift */; };
		86AF00B62BE54391007DAF5F /* Pretendard-SemiBold.otf in Resources */ = {isa = PBXBuildFile; fileRef = 86AF00B22BE54391007DAF5F /* Pretendard-SemiBold.otf */; };
		86AF00B72BE54391007DAF5F /* Pretendard-Medium.otf in Resources */ = {isa = PBXBuildFile; fileRef = 86AF00B32BE54391007DAF5F /* Pretendard-Medium.otf */; };
		86AF00B82BE54391007DAF5F /* Pretendard-Regular.otf in Resources */ = {isa = PBXBuildFile; fileRef = 86AF00B42BE54391007DAF5F /* Pretendard-Regular.otf */; };
		86AF00B92BE54391007DAF5F /* Pretendard-Bold.otf in Resources */ = {isa = PBXBuildFile; fileRef = 86AF00B52BE54391007DAF5F /* Pretendard-Bold.otf */; };
		86AF00BB2BE54681007DAF5F /* TopicCard.swift in Sources */ = {isa = PBXBuildFile; fileRef = 86AF00BA2BE54681007DAF5F /* TopicCard.swift */; };
		86AF00BE2BE567C0007DAF5F /* CallingView.swift in Sources */ = {isa = PBXBuildFile; fileRef = 86AF00BD2BE567C0007DAF5F /* CallingView.swift */; };
		86AF00C02BE56EF0007DAF5F /* CallBackground.swift in Sources */ = {isa = PBXBuildFile; fileRef = 86AF00BF2BE56EF0007DAF5F /* CallBackground.swift */; };
		86C162232BE0E05A00362250 /* BottomTabBarView.swift in Sources */ = {isa = PBXBuildFile; fileRef = 86C162222BE0E05A00362250 /* BottomTabBarView.swift */; };
		86C162252BE0E9BB00362250 /* HistoryView.swift in Sources */ = {isa = PBXBuildFile; fileRef = 86C162242BE0E9BB00362250 /* HistoryView.swift */; };
		86C162282BE0EAA500362250 /* HistoryCard.swift in Sources */ = {isa = PBXBuildFile; fileRef = 86C162272BE0EAA500362250 /* HistoryCard.swift */; };
		86D192CC2BE68B6200C4CDAE /* FeedbackView.swift in Sources */ = {isa = PBXBuildFile; fileRef = 86D192CB2BE68B6200C4CDAE /* FeedbackView.swift */; };
		86D192CE2BE69ECE00C4CDAE /* FeedbackContentView.swift in Sources */ = {isa = PBXBuildFile; fileRef = 86D192CD2BE69ECE00C4CDAE /* FeedbackContentView.swift */; };
		86F0ED962BEDCCE300D1B8E8 /* ModelsDB.swift in Sources */ = {isa = PBXBuildFile; fileRef = 86F0ED952BEDCCE300D1B8E8 /* ModelsDB.swift */; };
		BA740F8B2BF72EDC00CA1885 /* AzureInfo.plist in Resources */ = {isa = PBXBuildFile; fileRef = BA740F8A2BF72EDC00CA1885 /* AzureInfo.plist */; };
		BAE76CCF2BECE6650003C17A /* SpeechViewModel.swift in Sources */ = {isa = PBXBuildFile; fileRef = BAE76CCE2BECE6650003C17A /* SpeechViewModel.swift */; };
		BAE76CD62BF0DE1B0003C17A /* .swiftlint.yml in Resources */ = {isa = PBXBuildFile; fileRef = BAE76CD52BF0DE1B0003C17A /* .swiftlint.yml */; };
		BAF5B97B2BF7253400ADCC08 /* AzureInfo++Bundle.swift in Sources */ = {isa = PBXBuildFile; fileRef = BAF5B97A2BF7253400ADCC08 /* AzureInfo++Bundle.swift */; };
/* End PBXBuildFile section */

/* Begin PBXFileReference section */
		860DDC882BDF6650007A8F13 /* Info.plist */ = {isa = PBXFileReference; lastKnownFileType = text.plist.xml; path = Info.plist; sourceTree = "<group>"; };
		860DDC892BDF66BB007A8F13 /* ExFont.swift */ = {isa = PBXFileReference; lastKnownFileType = sourcecode.swift; path = ExFont.swift; sourceTree = "<group>"; };
		860DDC952BDF6A2B007A8F13 /* Splash.swift */ = {isa = PBXFileReference; lastKnownFileType = sourcecode.swift; path = Splash.swift; sourceTree = "<group>"; };
		860DDC992BDF7977007A8F13 /* BackGround.swift */ = {isa = PBXFileReference; lastKnownFileType = sourcecode.swift; path = BackGround.swift; sourceTree = "<group>"; };
		860DDC9B2BDF7B0B007A8F13 /* OnboardPage.swift */ = {isa = PBXFileReference; lastKnownFileType = sourcecode.swift; path = OnboardPage.swift; sourceTree = "<group>"; };
		860DDC9D2BDF90E6007A8F13 /* BottomStartBtn.swift */ = {isa = PBXFileReference; lastKnownFileType = sourcecode.swift; path = BottomStartBtn.swift; sourceTree = "<group>"; };
		860DDC9F2BDF9EAC007A8F13 /* LoginView.swift */ = {isa = PBXFileReference; lastKnownFileType = sourcecode.swift; path = LoginView.swift; sourceTree = "<group>"; };
		860DDCA22BDFA230007A8F13 /* StartProcessData.swift */ = {isa = PBXFileReference; lastKnownFileType = sourcecode.swift; path = StartProcessData.swift; sourceTree = "<group>"; };
		860DDCA52BDFA39F007A8F13 /* MainView.swift */ = {isa = PBXFileReference; lastKnownFileType = sourcecode.swift; path = MainView.swift; sourceTree = "<group>"; };
		8617DC922BE29E81007CFB73 /* ProfileView.swift */ = {isa = PBXFileReference; lastKnownFileType = sourcecode.swift; path = ProfileView.swift; sourceTree = "<group>"; };
		8617DC942BE29E87007CFB73 /* HomeView.swift */ = {isa = PBXFileReference; lastKnownFileType = sourcecode.swift; path = HomeView.swift; sourceTree = "<group>"; };
		8617DC962BE2AE5A007CFB73 /* ModelDetailView.swift */ = {isa = PBXFileReference; lastKnownFileType = sourcecode.swift; path = ModelDetailView.swift; sourceTree = "<group>"; };
		86190AAD2BE16CB500D650A4 /* ContactsView.swift */ = {isa = PBXFileReference; lastKnownFileType = sourcecode.swift; path = ContactsView.swift; sourceTree = "<group>"; };
		8631A0BE2BE3D06D00C442B0 /* ModelModal.swift */ = {isa = PBXFileReference; lastKnownFileType = sourcecode.swift; path = ModelModal.swift; sourceTree = "<group>"; };
		86447C0A2BEFDC8300C1988E /* ModelData.swift */ = {isa = PBXFileReference; lastKnownFileType = sourcecode.swift; path = ModelData.swift; sourceTree = "<group>"; };
		86447C182BF1169300C1988E /* FavoritesViewModel.swift */ = {isa = PBXFileReference; lastKnownFileType = sourcecode.swift; path = FavoritesViewModel.swift; sourceTree = "<group>"; };
		86447C1C2BF1171300C1988E /* ModelsSet.swift */ = {isa = PBXFileReference; lastKnownFileType = sourcecode.swift; path = ModelsSet.swift; sourceTree = "<group>"; };
		86447C1F2BF1182800C1988E /* TopicsSet.swift */ = {isa = PBXFileReference; lastKnownFileType = sourcecode.swift; path = TopicsSet.swift; sourceTree = "<group>"; };
		86447C212BF1183000C1988E /* TopicsDB.swift */ = {isa = PBXFileReference; lastKnownFileType = sourcecode.swift; path = TopicsDB.swift; sourceTree = "<group>"; };
		86447C242BF11B6C00C1988E /* CallRecordsSet.swift */ = {isa = PBXFileReference; lastKnownFileType = sourcecode.swift; path = CallRecordsSet.swift; sourceTree = "<group>"; };
		86447C262BF11B7700C1988E /* CallRecordsDB.swift */ = {isa = PBXFileReference; lastKnownFileType = sourcecode.swift; path = CallRecordsDB.swift; sourceTree = "<group>"; };
		864B3FBD2B9F1DBA00F51FF6 /* Comi.app */ = {isa = PBXFileReference; explicitFileType = wrapper.application; includeInIndex = 0; path = Comi.app; sourceTree = BUILT_PRODUCTS_DIR; };
		864B3FC02B9F1DBA00F51FF6 /* ComiApp.swift */ = {isa = PBXFileReference; lastKnownFileType = sourcecode.swift; path = ComiApp.swift; sourceTree = "<group>"; };
		864B3FC22B9F1DBA00F51FF6 /* ContentView.swift */ = {isa = PBXFileReference; lastKnownFileType = sourcecode.swift; path = ContentView.swift; sourceTree = "<group>"; };
		864B3FC42B9F1DBB00F51FF6 /* Assets.xcassets */ = {isa = PBXFileReference; lastKnownFileType = folder.assetcatalog; path = Assets.xcassets; sourceTree = "<group>"; };
		864B3FC72B9F1DBB00F51FF6 /* Preview Assets.xcassets */ = {isa = PBXFileReference; lastKnownFileType = folder.assetcatalog; path = "Preview Assets.xcassets"; sourceTree = "<group>"; };
		867B25252BF33FF200861B66 /* UserData.swift */ = {isa = PBXFileReference; lastKnownFileType = sourcecode.swift; path = UserData.swift; sourceTree = "<group>"; };
		867B25272BF3424B00861B66 /* RealmSampleCode.swift */ = {isa = PBXFileReference; lastKnownFileType = sourcecode.swift; path = RealmSampleCode.swift; sourceTree = "<group>"; };
		867DA7C32BF22F52002BDA1C /* CallRecordData.swift */ = {isa = PBXFileReference; lastKnownFileType = sourcecode.swift; path = CallRecordData.swift; sourceTree = "<group>"; };
		867DA7C52BF2368E002BDA1C /* RealmViewModel.swift */ = {isa = PBXFileReference; lastKnownFileType = sourcecode.swift; path = RealmViewModel.swift; sourceTree = "<group>"; };
		86AF00B22BE54391007DAF5F /* Pretendard-SemiBold.otf */ = {isa = PBXFileReference; lastKnownFileType = file; name = "Pretendard-SemiBold.otf"; path = "../../../../../../../Library/Fonts/Pretendard-SemiBold.otf"; sourceTree = "<group>"; };
		86AF00B32BE54391007DAF5F /* Pretendard-Medium.otf */ = {isa = PBXFileReference; lastKnownFileType = file; name = "Pretendard-Medium.otf"; path = "../../../../../../../Library/Fonts/Pretendard-Medium.otf"; sourceTree = "<group>"; };
		86AF00B42BE54391007DAF5F /* Pretendard-Regular.otf */ = {isa = PBXFileReference; lastKnownFileType = file; name = "Pretendard-Regular.otf"; path = "../../../../../../../Library/Fonts/Pretendard-Regular.otf"; sourceTree = "<group>"; };
		86AF00B52BE54391007DAF5F /* Pretendard-Bold.otf */ = {isa = PBXFileReference; lastKnownFileType = file; name = "Pretendard-Bold.otf"; path = "../../../../../../../Library/Fonts/Pretendard-Bold.otf"; sourceTree = "<group>"; };
		86AF00BA2BE54681007DAF5F /* TopicCard.swift */ = {isa = PBXFileReference; lastKnownFileType = sourcecode.swift; path = TopicCard.swift; sourceTree = "<group>"; };
		86AF00BD2BE567C0007DAF5F /* CallingView.swift */ = {isa = PBXFileReference; lastKnownFileType = sourcecode.swift; path = CallingView.swift; sourceTree = "<group>"; };
		86AF00BF2BE56EF0007DAF5F /* CallBackground.swift */ = {isa = PBXFileReference; lastKnownFileType = sourcecode.swift; path = CallBackground.swift; sourceTree = "<group>"; };
		86C162222BE0E05A00362250 /* BottomTabBarView.swift */ = {isa = PBXFileReference; lastKnownFileType = sourcecode.swift; path = BottomTabBarView.swift; sourceTree = "<group>"; };
		86C162242BE0E9BB00362250 /* HistoryView.swift */ = {isa = PBXFileReference; lastKnownFileType = sourcecode.swift; path = HistoryView.swift; sourceTree = "<group>"; };
		86C162272BE0EAA500362250 /* HistoryCard.swift */ = {isa = PBXFileReference; lastKnownFileType = sourcecode.swift; path = HistoryCard.swift; sourceTree = "<group>"; };
		86D192CB2BE68B6200C4CDAE /* FeedbackView.swift */ = {isa = PBXFileReference; lastKnownFileType = sourcecode.swift; path = FeedbackView.swift; sourceTree = "<group>"; };
		86D192CD2BE69ECE00C4CDAE /* FeedbackContentView.swift */ = {isa = PBXFileReference; lastKnownFileType = sourcecode.swift; path = FeedbackContentView.swift; sourceTree = "<group>"; };
		86F0ED952BEDCCE300D1B8E8 /* ModelsDB.swift */ = {isa = PBXFileReference; lastKnownFileType = sourcecode.swift; path = ModelsDB.swift; sourceTree = "<group>"; };
		B0C36C82EAD07ADEAEBD718C /* Pods_Comi.framework */ = {isa = PBXFileReference; explicitFileType = wrapper.framework; includeInIndex = 0; path = Pods_Comi.framework; sourceTree = BUILT_PRODUCTS_DIR; };
		B7E050BA6F61CD507CE2C49E /* Pods-Comi.debug.xcconfig */ = {isa = PBXFileReference; includeInIndex = 1; lastKnownFileType = text.xcconfig; name = "Pods-Comi.debug.xcconfig"; path = "Target Support Files/Pods-Comi/Pods-Comi.debug.xcconfig"; sourceTree = "<group>"; };
		BA740F8A2BF72EDC00CA1885 /* AzureInfo.plist */ = {isa = PBXFileReference; lastKnownFileType = text.plist.xml; path = AzureInfo.plist; sourceTree = "<group>"; };
		BAE76CCE2BECE6650003C17A /* SpeechViewModel.swift */ = {isa = PBXFileReference; lastKnownFileType = sourcecode.swift; path = SpeechViewModel.swift; sourceTree = "<group>"; };
		BAE76CD52BF0DE1B0003C17A /* .swiftlint.yml */ = {isa = PBXFileReference; lastKnownFileType = text.yaml; path = .swiftlint.yml; sourceTree = "<group>"; };
		BAF5B97A2BF7253400ADCC08 /* AzureInfo++Bundle.swift */ = {isa = PBXFileReference; lastKnownFileType = sourcecode.swift; path = "AzureInfo++Bundle.swift"; sourceTree = "<group>"; };
		F105F5AECDC82DF7E227FF24 /* Pods-Comi.release.xcconfig */ = {isa = PBXFileReference; includeInIndex = 1; lastKnownFileType = text.xcconfig; name = "Pods-Comi.release.xcconfig"; path = "Target Support Files/Pods-Comi/Pods-Comi.release.xcconfig"; sourceTree = "<group>"; };
/* End PBXFileReference section */

/* Begin PBXFrameworksBuildPhase section */
		864B3FBA2B9F1DBA00F51FF6 /* Frameworks */ = {
			isa = PBXFrameworksBuildPhase;
			buildActionMask = 2147483647;
			files = (
				860761E82BF3A4A1003AA468 /* Supabase in Frameworks */,
				390A97765EEB3B38070627D0 /* Pods_Comi.framework in Frameworks */,
			);
			runOnlyForDeploymentPostprocessing = 0;
		};
/* End PBXFrameworksBuildPhase section */

/* Begin PBXGroup section */
		860DDC802BDF5CF8007A8F13 /* Resource */ = {
			isa = PBXGroup;
			children = (
				860DDC832BDF661C007A8F13 /* Font */,
				864B3FC42B9F1DBB00F51FF6 /* Assets.xcassets */,
				860DDC992BDF7977007A8F13 /* BackGround.swift */,
			);
			path = Resource;
			sourceTree = "<group>";
		};
		860DDC812BDF5DCF007A8F13 /* Extension */ = {
			isa = PBXGroup;
			children = (
				860DDC892BDF66BB007A8F13 /* ExFont.swift */,
			);
			path = Extension;
			sourceTree = "<group>";
		};
		860DDC832BDF661C007A8F13 /* Font */ = {
			isa = PBXGroup;
			children = (
				86AF00B52BE54391007DAF5F /* Pretendard-Bold.otf */,
				86AF00B32BE54391007DAF5F /* Pretendard-Medium.otf */,
				86AF00B42BE54391007DAF5F /* Pretendard-Regular.otf */,
				86AF00B22BE54391007DAF5F /* Pretendard-SemiBold.otf */,
			);
			path = Font;
			sourceTree = "<group>";
		};
		860DDC932BDF69C8007A8F13 /* Screen */ = {
			isa = PBXGroup;
			children = (
				860DDCA42BDFA38C007A8F13 /* MainProcess */,
				860DDCA12BDFA1EB007A8F13 /* StartProcess */,
			);
			path = Screen;
			sourceTree = "<group>";
		};
		860DDC942BDF6A16007A8F13 /* Splash */ = {
			isa = PBXGroup;
			children = (
				860DDC952BDF6A2B007A8F13 /* Splash.swift */,
			);
			path = Splash;
			sourceTree = "<group>";
		};
		860DDC972BDF77CC007A8F13 /* Onboarding */ = {
			isa = PBXGroup;
			children = (
				860DDC9B2BDF7B0B007A8F13 /* OnboardPage.swift */,
				860DDC9D2BDF90E6007A8F13 /* BottomStartBtn.swift */,
			);
			path = Onboarding;
			sourceTree = "<group>";
		};
		860DDC982BDF77D4007A8F13 /* Login */ = {
			isa = PBXGroup;
			children = (
				860DDC9F2BDF9EAC007A8F13 /* LoginView.swift */,
			);
			path = Login;
			sourceTree = "<group>";
		};
		860DDCA12BDFA1EB007A8F13 /* StartProcess */ = {
			isa = PBXGroup;
			children = (
				860DDCA22BDFA230007A8F13 /* StartProcessData.swift */,
				860DDC982BDF77D4007A8F13 /* Login */,
				860DDC972BDF77CC007A8F13 /* Onboarding */,
				860DDC942BDF6A16007A8F13 /* Splash */,
			);
			path = StartProcess;
			sourceTree = "<group>";
		};
		860DDCA42BDFA38C007A8F13 /* MainProcess */ = {
			isa = PBXGroup;
			children = (
				860DDCA52BDFA39F007A8F13 /* MainView.swift */,
				86C162222BE0E05A00362250 /* BottomTabBarView.swift */,
				8617DC902BE29E6F007CFB73 /* Home */,
				86C162262BE0EA3A00362250 /* History */,
				86190AAC2BE16CA200D650A4 /* Contacts */,
				86AF00BC2BE55C66007DAF5F /* Calling */,
				86D192CA2BE68B5200C4CDAE /* Feedback */,
				8617DC912BE29E74007CFB73 /* Profile */,
			);
			path = MainProcess;
			sourceTree = "<group>";
		};
		8617DC902BE29E6F007CFB73 /* Home */ = {
			isa = PBXGroup;
			children = (
				8617DC942BE29E87007CFB73 /* HomeView.swift */,
			);
			path = Home;
			sourceTree = "<group>";
		};
		8617DC912BE29E74007CFB73 /* Profile */ = {
			isa = PBXGroup;
			children = (
				8617DC922BE29E81007CFB73 /* ProfileView.swift */,
			);
			name = Profile;
			sourceTree = "<group>";
		};
		86190AAC2BE16CA200D650A4 /* Contacts */ = {
			isa = PBXGroup;
			children = (
				86190AAD2BE16CB500D650A4 /* ContactsView.swift */,
				8617DC962BE2AE5A007CFB73 /* ModelDetailView.swift */,
				8631A0BE2BE3D06D00C442B0 /* ModelModal.swift */,
				86AF00BA2BE54681007DAF5F /* TopicCard.swift */,
				86447C182BF1169300C1988E /* FavoritesViewModel.swift */,
			);
			path = Contacts;
			sourceTree = "<group>";
		};
		86447C0C2BEFF60D00C1988E /* Realm */ = {
			isa = PBXGroup;
			children = (
				867DA7C52BF2368E002BDA1C /* RealmViewModel.swift */,
				86447C0A2BEFDC8300C1988E /* ModelData.swift */,
				867DA7C32BF22F52002BDA1C /* CallRecordData.swift */,
				867B25252BF33FF200861B66 /* UserData.swift */,
				867B25272BF3424B00861B66 /* RealmSampleCode.swift */,
			);
			path = Realm;
			sourceTree = "<group>";
		};
		86447C1A2BF116C800C1988E /* Supabase */ = {
			isa = PBXGroup;
			children = (
				86447C232BF11B3A00C1988E /* CallRecords */,
				86447C1E2BF117EB00C1988E /* Topics */,
				86447C1B2BF116D600C1988E /* Models */,
			);
			path = Supabase;
			sourceTree = "<group>";
		};
		86447C1B2BF116D600C1988E /* Models */ = {
			isa = PBXGroup;
			children = (
				86447C1C2BF1171300C1988E /* ModelsSet.swift */,
				86F0ED952BEDCCE300D1B8E8 /* ModelsDB.swift */,
			);
			path = Models;
			sourceTree = "<group>";
		};
		86447C1E2BF117EB00C1988E /* Topics */ = {
			isa = PBXGroup;
			children = (
				86447C1F2BF1182800C1988E /* TopicsSet.swift */,
				86447C212BF1183000C1988E /* TopicsDB.swift */,
			);
			path = Topics;
			sourceTree = "<group>";
		};
		86447C232BF11B3A00C1988E /* CallRecords */ = {
			isa = PBXGroup;
			children = (
				86447C242BF11B6C00C1988E /* CallRecordsSet.swift */,
				86447C262BF11B7700C1988E /* CallRecordsDB.swift */,
			);
			path = CallRecords;
			sourceTree = "<group>";
		};
		864B3FB42B9F1DBA00F51FF6 = {
			isa = PBXGroup;
			children = (
				BAE76CD52BF0DE1B0003C17A /* .swiftlint.yml */,
				864B3FBF2B9F1DBA00F51FF6 /* Comi */,
				864B3FBE2B9F1DBA00F51FF6 /* Products */,
				ABB268EBBB0D7382AAA16D42 /* Pods */,
				C7C2C8E91BD874C60DD47A18 /* Frameworks */,
			);
			sourceTree = "<group>";
		};
		864B3FBE2B9F1DBA00F51FF6 /* Products */ = {
			isa = PBXGroup;
			children = (
				864B3FBD2B9F1DBA00F51FF6 /* Comi.app */,
			);
			name = Products;
			sourceTree = "<group>";
		};
		864B3FBF2B9F1DBA00F51FF6 /* Comi */ = {
			isa = PBXGroup;
			children = (
				BAF5B9792BF724D800ADCC08 /* Extensions */,
				BAE76CCC2BECE3BF0003C17A /* Support */,
				860DDC812BDF5DCF007A8F13 /* Extension */,
				860DDC802BDF5CF8007A8F13 /* Resource */,
				BAE76CCB2BECE34B0003C17A /* Sources */,
				860DDC932BDF69C8007A8F13 /* Screen */,
				864B3FC02B9F1DBA00F51FF6 /* ComiApp.swift */,
				864B3FC22B9F1DBA00F51FF6 /* ContentView.swift */,
				864B3FC62B9F1DBB00F51FF6 /* Preview Content */,
			);
			path = Comi;
			sourceTree = "<group>";
		};
		864B3FC62B9F1DBB00F51FF6 /* Preview Content */ = {
			isa = PBXGroup;
			children = (
				864B3FC72B9F1DBB00F51FF6 /* Preview Assets.xcassets */,
			);
			path = "Preview Content";
			sourceTree = "<group>";
		};
		86AF00BC2BE55C66007DAF5F /* Calling */ = {
			isa = PBXGroup;
			children = (
				BAE76CCD2BECE6560003C17A /* Speech */,
				86AF00BD2BE567C0007DAF5F /* CallingView.swift */,
				86AF00BF2BE56EF0007DAF5F /* CallBackground.swift */,
			);
			path = Calling;
			sourceTree = "<group>";
		};
		86C162262BE0EA3A00362250 /* History */ = {
			isa = PBXGroup;
			children = (
				86C162242BE0E9BB00362250 /* HistoryView.swift */,
				86C162272BE0EAA500362250 /* HistoryCard.swift */,
			);
			path = History;
			sourceTree = "<group>";
		};
		86D192CA2BE68B5200C4CDAE /* Feedback */ = {
			isa = PBXGroup;
			children = (
				86D192CB2BE68B6200C4CDAE /* FeedbackView.swift */,
				86D192CD2BE69ECE00C4CDAE /* FeedbackContentView.swift */,
			);
			path = Feedback;
			sourceTree = "<group>";
		};
		ABB268EBBB0D7382AAA16D42 /* Pods */ = {
			isa = PBXGroup;
			children = (
				B7E050BA6F61CD507CE2C49E /* Pods-Comi.debug.xcconfig */,
				F105F5AECDC82DF7E227FF24 /* Pods-Comi.release.xcconfig */,
			);
			path = Pods;
			sourceTree = "<group>";
		};
		BAE76CCB2BECE34B0003C17A /* Sources */ = {
			isa = PBXGroup;
			children = (
			);
			path = Sources;
			sourceTree = "<group>";
		};
		BAE76CCC2BECE3BF0003C17A /* Support */ = {
			isa = PBXGroup;
			children = (
				860DDC882BDF6650007A8F13 /* Info.plist */,
				BA740F8A2BF72EDC00CA1885 /* AzureInfo.plist */,
				86447C1A2BF116C800C1988E /* Supabase */,
				86447C0C2BEFF60D00C1988E /* Realm */,
			);
			path = Support;
			sourceTree = "<group>";
		};
		BAE76CCD2BECE6560003C17A /* Speech */ = {
			isa = PBXGroup;
			children = (
				BAE76CCE2BECE6650003C17A /* SpeechViewModel.swift */,
			);
			path = Speech;
			sourceTree = "<group>";
		};
		BAF5B9792BF724D800ADCC08 /* Extensions */ = {
			isa = PBXGroup;
			children = (
				BAF5B97A2BF7253400ADCC08 /* AzureInfo++Bundle.swift */,
			);
			path = Extensions;
			sourceTree = "<group>";
		};
		C7C2C8E91BD874C60DD47A18 /* Frameworks */ = {
			isa = PBXGroup;
			children = (
				B0C36C82EAD07ADEAEBD718C /* Pods_Comi.framework */,
			);
			name = Frameworks;
			sourceTree = "<group>";
		};
/* End PBXGroup section */

/* Begin PBXNativeTarget section */
		864B3FBC2B9F1DBA00F51FF6 /* Comi */ = {
			isa = PBXNativeTarget;
			buildConfigurationList = 864B3FCB2B9F1DBB00F51FF6 /* Build configuration list for PBXNativeTarget "Comi" */;
			buildPhases = (
				4415D0AF9809E9C92CE84D2F /* [CP] Check Pods Manifest.lock */,
				BAE76CD32BF0DDC50003C17A /* SwiftLint Script */,
				864B3FB92B9F1DBA00F51FF6 /* Sources */,
				864B3FBA2B9F1DBA00F51FF6 /* Frameworks */,
				864B3FBB2B9F1DBA00F51FF6 /* Resources */,
				E68AA140AE58F37BCBFC0FA2 /* [CP] Embed Pods Frameworks */,
			);
			buildRules = (
			);
			dependencies = (
			);
			name = Comi;
			packageProductDependencies = (
				860761E72BF3A4A1003AA468 /* Supabase */,
			);
			productName = Comi;
			productReference = 864B3FBD2B9F1DBA00F51FF6 /* Comi.app */;
			productType = "com.apple.product-type.application";
		};
/* End PBXNativeTarget section */

/* Begin PBXProject section */
		864B3FB52B9F1DBA00F51FF6 /* Project object */ = {
			isa = PBXProject;
			attributes = {
				BuildIndependentTargetsInParallel = 1;
				LastSwiftUpdateCheck = 1530;
				LastUpgradeCheck = 1530;
				TargetAttributes = {
					864B3FBC2B9F1DBA00F51FF6 = {
						CreatedOnToolsVersion = 15.3;
					};
				};
			};
			buildConfigurationList = 864B3FB82B9F1DBA00F51FF6 /* Build configuration list for PBXProject "Comi" */;
			compatibilityVersion = "Xcode 14.0";
			developmentRegion = en;
			hasScannedForEncodings = 0;
			knownRegions = (
				en,
				Base,
			);
			mainGroup = 864B3FB42B9F1DBA00F51FF6;
			packageReferences = (
				860761E62BF3A4A1003AA468 /* XCRemoteSwiftPackageReference "supabase-swift" */,
			);
			productRefGroup = 864B3FBE2B9F1DBA00F51FF6 /* Products */;
			projectDirPath = "";
			projectRoot = "";
			targets = (
				864B3FBC2B9F1DBA00F51FF6 /* Comi */,
			);
		};
/* End PBXProject section */

/* Begin PBXResourcesBuildPhase section */
		864B3FBB2B9F1DBA00F51FF6 /* Resources */ = {
			isa = PBXResourcesBuildPhase;
			buildActionMask = 2147483647;
			files = (
				86AF00B62BE54391007DAF5F /* Pretendard-SemiBold.otf in Resources */,
				86AF00B92BE54391007DAF5F /* Pretendard-Bold.otf in Resources */,
				864B3FC82B9F1DBB00F51FF6 /* Preview Assets.xcassets in Resources */,
				BAE76CD62BF0DE1B0003C17A /* .swiftlint.yml in Resources */,
				BA740F8B2BF72EDC00CA1885 /* AzureInfo.plist in Resources */,
				86AF00B82BE54391007DAF5F /* Pretendard-Regular.otf in Resources */,
				864B3FC52B9F1DBB00F51FF6 /* Assets.xcassets in Resources */,
				86AF00B72BE54391007DAF5F /* Pretendard-Medium.otf in Resources */,
			);
			runOnlyForDeploymentPostprocessing = 0;
		};
/* End PBXResourcesBuildPhase section */

/* Begin PBXShellScriptBuildPhase section */
		4415D0AF9809E9C92CE84D2F /* [CP] Check Pods Manifest.lock */ = {
			isa = PBXShellScriptBuildPhase;
			buildActionMask = 2147483647;
			files = (
			);
			inputFileListPaths = (
			);
			inputPaths = (
				"${PODS_PODFILE_DIR_PATH}/Podfile.lock",
				"${PODS_ROOT}/Manifest.lock",
			);
			name = "[CP] Check Pods Manifest.lock";
			outputFileListPaths = (
			);
			outputPaths = (
				"$(DERIVED_FILE_DIR)/Pods-Comi-checkManifestLockResult.txt",
			);
			runOnlyForDeploymentPostprocessing = 0;
			shellPath = /bin/sh;
			shellScript = "diff \"${PODS_PODFILE_DIR_PATH}/Podfile.lock\" \"${PODS_ROOT}/Manifest.lock\" > /dev/null\nif [ $? != 0 ] ; then\n    # print error to STDERR\n    echo \"error: The sandbox is not in sync with the Podfile.lock. Run 'pod install' or update your CocoaPods installation.\" >&2\n    exit 1\nfi\n# This output is used by Xcode 'outputs' to avoid re-running this script phase.\necho \"SUCCESS\" > \"${SCRIPT_OUTPUT_FILE_0}\"\n";
			showEnvVarsInLog = 0;
		};
		BAE76CD32BF0DDC50003C17A /* SwiftLint Script */ = {
			isa = PBXShellScriptBuildPhase;
			alwaysOutOfDate = 1;
			buildActionMask = 2147483647;
			files = (
			);
			inputFileListPaths = (
			);
			inputPaths = (
			);
			name = "SwiftLint Script";
			outputFileListPaths = (
			);
			outputPaths = (
			);
			runOnlyForDeploymentPostprocessing = 0;
			shellPath = /bin/sh;
			shellScript = "# Type a script or drag a script file from your workspace to insert its path.\nif [[ \"$(uname -m)\" == arm64 ]]; then\n    export PATH=\"/opt/homebrew/bin:$PATH\"\nfi\n\nexport PATH\n\nif which swiftlint >/dev/null; then\n  swiftlint\nelse\n  echo \"warning: SwiftLint not installed, download from https://github.com/realm/SwiftLint\"\nfi\n\n";
		};
		E68AA140AE58F37BCBFC0FA2 /* [CP] Embed Pods Frameworks */ = {
			isa = PBXShellScriptBuildPhase;
			buildActionMask = 2147483647;
			files = (
			);
			inputFileListPaths = (
				"${PODS_ROOT}/Target Support Files/Pods-Comi/Pods-Comi-frameworks-${CONFIGURATION}-input-files.xcfilelist",
			);
			name = "[CP] Embed Pods Frameworks";
			outputFileListPaths = (
				"${PODS_ROOT}/Target Support Files/Pods-Comi/Pods-Comi-frameworks-${CONFIGURATION}-output-files.xcfilelist",
			);
			runOnlyForDeploymentPostprocessing = 0;
			shellPath = /bin/sh;
			shellScript = "\"${PODS_ROOT}/Target Support Files/Pods-Comi/Pods-Comi-frameworks.sh\"\n";
			showEnvVarsInLog = 0;
		};
/* End PBXShellScriptBuildPhase section */

/* Begin PBXSourcesBuildPhase section */
		864B3FB92B9F1DBA00F51FF6 /* Sources */ = {
			isa = PBXSourcesBuildPhase;
			buildActionMask = 2147483647;
			files = (
				867DA7C42BF22F52002BDA1C /* CallRecordData.swift in Sources */,
				860DDCA32BDFA230007A8F13 /* StartProcessData.swift in Sources */,
				86D192CC2BE68B6200C4CDAE /* FeedbackView.swift in Sources */,
				86C162252BE0E9BB00362250 /* HistoryView.swift in Sources */,
				BAE76CCF2BECE6650003C17A /* SpeechViewModel.swift in Sources */,
				860DDC9C2BDF7B0B007A8F13 /* OnboardPage.swift in Sources */,
				BAF5B97B2BF7253400ADCC08 /* AzureInfo++Bundle.swift in Sources */,
				867B25282BF3424B00861B66 /* RealmSampleCode.swift in Sources */,
				8617DC972BE2AE5A007CFB73 /* ModelDetailView.swift in Sources */,
				86447C1D2BF1171300C1988E /* ModelsSet.swift in Sources */,
				86C162282BE0EAA500362250 /* HistoryCard.swift in Sources */,
				86447C252BF11B6C00C1988E /* CallRecordsSet.swift in Sources */,
				86447C0B2BEFDC8300C1988E /* ModelData.swift in Sources */,
				86AF00BB2BE54681007DAF5F /* TopicCard.swift in Sources */,
				864B3FC32B9F1DBA00F51FF6 /* ContentView.swift in Sources */,
				8631A0BF2BE3D06D00C442B0 /* ModelModal.swift in Sources */,
				86AF00BE2BE567C0007DAF5F /* CallingView.swift in Sources */,
				860DDCA62BDFA39F007A8F13 /* MainView.swift in Sources */,
				860DDC9A2BDF7977007A8F13 /* BackGround.swift in Sources */,
				86447C222BF1183000C1988E /* TopicsDB.swift in Sources */,
				8617DC952BE29E87007CFB73 /* HomeView.swift in Sources */,
				86AF00C02BE56EF0007DAF5F /* CallBackground.swift in Sources */,
				86447C202BF1182800C1988E /* TopicsSet.swift in Sources */,
				86447C272BF11B7700C1988E /* CallRecordsDB.swift in Sources */,
				8617DC932BE29E81007CFB73 /* ProfileView.swift in Sources */,
				867B25262BF33FF200861B66 /* UserData.swift in Sources */,
				860DDC9E2BDF90E6007A8F13 /* BottomStartBtn.swift in Sources */,
				86F0ED962BEDCCE300D1B8E8 /* ModelsDB.swift in Sources */,
				864B3FC12B9F1DBA00F51FF6 /* ComiApp.swift in Sources */,
				860DDC962BDF6A2B007A8F13 /* Splash.swift in Sources */,
				86447C192BF1169300C1988E /* FavoritesViewModel.swift in Sources */,
				86190AAE2BE16CB500D650A4 /* ContactsView.swift in Sources */,
				867DA7C62BF2368E002BDA1C /* RealmViewModel.swift in Sources */,
				86C162232BE0E05A00362250 /* BottomTabBarView.swift in Sources */,
				860DDCA02BDF9EAC007A8F13 /* LoginView.swift in Sources */,
				860DDC8A2BDF66BB007A8F13 /* ExFont.swift in Sources */,
				86D192CE2BE69ECE00C4CDAE /* FeedbackContentView.swift in Sources */,
			);
			runOnlyForDeploymentPostprocessing = 0;
		};
/* End PBXSourcesBuildPhase section */

/* Begin XCBuildConfiguration section */
		864B3FC92B9F1DBB00F51FF6 /* Debug */ = {
			isa = XCBuildConfiguration;
			buildSettings = {
				ALWAYS_SEARCH_USER_PATHS = NO;
				ASSETCATALOG_COMPILER_GENERATE_SWIFT_ASSET_SYMBOL_EXTENSIONS = YES;
				CLANG_ANALYZER_NONNULL = YES;
				CLANG_ANALYZER_NUMBER_OBJECT_CONVERSION = YES_AGGRESSIVE;
				CLANG_CXX_LANGUAGE_STANDARD = "gnu++20";
				CLANG_ENABLE_MODULES = YES;
				CLANG_ENABLE_OBJC_ARC = YES;
				CLANG_ENABLE_OBJC_WEAK = YES;
				CLANG_WARN_BLOCK_CAPTURE_AUTORELEASING = YES;
				CLANG_WARN_BOOL_CONVERSION = YES;
				CLANG_WARN_COMMA = YES;
				CLANG_WARN_CONSTANT_CONVERSION = YES;
				CLANG_WARN_DEPRECATED_OBJC_IMPLEMENTATIONS = YES;
				CLANG_WARN_DIRECT_OBJC_ISA_USAGE = YES_ERROR;
				CLANG_WARN_DOCUMENTATION_COMMENTS = YES;
				CLANG_WARN_EMPTY_BODY = YES;
				CLANG_WARN_ENUM_CONVERSION = YES;
				CLANG_WARN_INFINITE_RECURSION = YES;
				CLANG_WARN_INT_CONVERSION = YES;
				CLANG_WARN_NON_LITERAL_NULL_CONVERSION = YES;
				CLANG_WARN_OBJC_IMPLICIT_RETAIN_SELF = YES;
				CLANG_WARN_OBJC_LITERAL_CONVERSION = YES;
				CLANG_WARN_OBJC_ROOT_CLASS = YES_ERROR;
				CLANG_WARN_QUOTED_INCLUDE_IN_FRAMEWORK_HEADER = YES;
				CLANG_WARN_RANGE_LOOP_ANALYSIS = YES;
				CLANG_WARN_STRICT_PROTOTYPES = YES;
				CLANG_WARN_SUSPICIOUS_MOVE = YES;
				CLANG_WARN_UNGUARDED_AVAILABILITY = YES_AGGRESSIVE;
				CLANG_WARN_UNREACHABLE_CODE = YES;
				CLANG_WARN__DUPLICATE_METHOD_MATCH = YES;
				COPY_PHASE_STRIP = NO;
				DEBUG_INFORMATION_FORMAT = dwarf;
				ENABLE_STRICT_OBJC_MSGSEND = YES;
				ENABLE_TESTABILITY = YES;
				ENABLE_USER_SCRIPT_SANDBOXING = YES;
				GCC_C_LANGUAGE_STANDARD = gnu17;
				GCC_DYNAMIC_NO_PIC = NO;
				GCC_NO_COMMON_BLOCKS = YES;
				GCC_OPTIMIZATION_LEVEL = 0;
				GCC_PREPROCESSOR_DEFINITIONS = (
					"DEBUG=1",
					"$(inherited)",
				);
				GCC_WARN_64_TO_32_BIT_CONVERSION = YES;
				GCC_WARN_ABOUT_RETURN_TYPE = YES_ERROR;
				GCC_WARN_UNDECLARED_SELECTOR = YES;
				GCC_WARN_UNINITIALIZED_AUTOS = YES_AGGRESSIVE;
				GCC_WARN_UNUSED_FUNCTION = YES;
				GCC_WARN_UNUSED_VARIABLE = YES;
				IPHONEOS_DEPLOYMENT_TARGET = 15.0;
				LOCALIZATION_PREFERS_STRING_CATALOGS = YES;
				MTL_ENABLE_DEBUG_INFO = INCLUDE_SOURCE;
				MTL_FAST_MATH = YES;
				ONLY_ACTIVE_ARCH = YES;
				SDKROOT = iphoneos;
				SWIFT_ACTIVE_COMPILATION_CONDITIONS = "DEBUG $(inherited)";
				SWIFT_OPTIMIZATION_LEVEL = "-Onone";
			};
			name = Debug;
		};
		864B3FCA2B9F1DBB00F51FF6 /* Release */ = {
			isa = XCBuildConfiguration;
			buildSettings = {
				ALWAYS_SEARCH_USER_PATHS = NO;
				ASSETCATALOG_COMPILER_GENERATE_SWIFT_ASSET_SYMBOL_EXTENSIONS = YES;
				CLANG_ANALYZER_NONNULL = YES;
				CLANG_ANALYZER_NUMBER_OBJECT_CONVERSION = YES_AGGRESSIVE;
				CLANG_CXX_LANGUAGE_STANDARD = "gnu++20";
				CLANG_ENABLE_MODULES = YES;
				CLANG_ENABLE_OBJC_ARC = YES;
				CLANG_ENABLE_OBJC_WEAK = YES;
				CLANG_WARN_BLOCK_CAPTURE_AUTORELEASING = YES;
				CLANG_WARN_BOOL_CONVERSION = YES;
				CLANG_WARN_COMMA = YES;
				CLANG_WARN_CONSTANT_CONVERSION = YES;
				CLANG_WARN_DEPRECATED_OBJC_IMPLEMENTATIONS = YES;
				CLANG_WARN_DIRECT_OBJC_ISA_USAGE = YES_ERROR;
				CLANG_WARN_DOCUMENTATION_COMMENTS = YES;
				CLANG_WARN_EMPTY_BODY = YES;
				CLANG_WARN_ENUM_CONVERSION = YES;
				CLANG_WARN_INFINITE_RECURSION = YES;
				CLANG_WARN_INT_CONVERSION = YES;
				CLANG_WARN_NON_LITERAL_NULL_CONVERSION = YES;
				CLANG_WARN_OBJC_IMPLICIT_RETAIN_SELF = YES;
				CLANG_WARN_OBJC_LITERAL_CONVERSION = YES;
				CLANG_WARN_OBJC_ROOT_CLASS = YES_ERROR;
				CLANG_WARN_QUOTED_INCLUDE_IN_FRAMEWORK_HEADER = YES;
				CLANG_WARN_RANGE_LOOP_ANALYSIS = YES;
				CLANG_WARN_STRICT_PROTOTYPES = YES;
				CLANG_WARN_SUSPICIOUS_MOVE = YES;
				CLANG_WARN_UNGUARDED_AVAILABILITY = YES_AGGRESSIVE;
				CLANG_WARN_UNREACHABLE_CODE = YES;
				CLANG_WARN__DUPLICATE_METHOD_MATCH = YES;
				COPY_PHASE_STRIP = NO;
				DEBUG_INFORMATION_FORMAT = "dwarf-with-dsym";
				ENABLE_NS_ASSERTIONS = NO;
				ENABLE_STRICT_OBJC_MSGSEND = YES;
				ENABLE_USER_SCRIPT_SANDBOXING = YES;
				GCC_C_LANGUAGE_STANDARD = gnu17;
				GCC_NO_COMMON_BLOCKS = YES;
				GCC_WARN_64_TO_32_BIT_CONVERSION = YES;
				GCC_WARN_ABOUT_RETURN_TYPE = YES_ERROR;
				GCC_WARN_UNDECLARED_SELECTOR = YES;
				GCC_WARN_UNINITIALIZED_AUTOS = YES_AGGRESSIVE;
				GCC_WARN_UNUSED_FUNCTION = YES;
				GCC_WARN_UNUSED_VARIABLE = YES;
				IPHONEOS_DEPLOYMENT_TARGET = 15.0;
				LOCALIZATION_PREFERS_STRING_CATALOGS = YES;
				MTL_ENABLE_DEBUG_INFO = NO;
				MTL_FAST_MATH = YES;
				SDKROOT = iphoneos;
				SWIFT_COMPILATION_MODE = wholemodule;
				VALIDATE_PRODUCT = YES;
			};
			name = Release;
		};
		864B3FCC2B9F1DBB00F51FF6 /* Debug */ = {
			isa = XCBuildConfiguration;
			baseConfigurationReference = B7E050BA6F61CD507CE2C49E /* Pods-Comi.debug.xcconfig */;
			buildSettings = {
				ASSETCATALOG_COMPILER_APPICON_NAME = AppIcon;
				ASSETCATALOG_COMPILER_GLOBAL_ACCENT_COLOR_NAME = AccentColor;
				"CODE_SIGN_IDENTITY[sdk=iphoneos*]" = "iPhone Developer: SeJun Lee (52S99J9KGC)";
				CODE_SIGN_STYLE = Manual;
				CURRENT_PROJECT_VERSION = 1;
				DEVELOPMENT_ASSET_PATHS = "\"Comi/Preview Content\"";
				DEVELOPMENT_TEAM = "";
				"DEVELOPMENT_TEAM[sdk=iphoneos*]" = Y333NVBXPT;
				ENABLE_PREVIEWS = YES;
				ENABLE_USER_SCRIPT_SANDBOXING = NO;
				GENERATE_INFOPLIST_FILE = YES;
				INFOPLIST_FILE = Comi/Support/Info.plist;
				INFOPLIST_KEY_NSMicrophoneUsageDescription = "마이크 권한 허용";
				INFOPLIST_KEY_UIApplicationSceneManifest_Generation = YES;
				INFOPLIST_KEY_UIApplicationSupportsIndirectInputEvents = YES;
				INFOPLIST_KEY_UILaunchScreen_Generation = YES;
				INFOPLIST_KEY_UISupportedInterfaceOrientations_iPad = "UIInterfaceOrientationPortrait UIInterfaceOrientationPortraitUpsideDown UIInterfaceOrientationLandscapeLeft UIInterfaceOrientationLandscapeRight";
				INFOPLIST_KEY_UISupportedInterfaceOrientations_iPhone = "UIInterfaceOrientationPortrait UIInterfaceOrientationLandscapeLeft UIInterfaceOrientationLandscapeRight";
				INFOPLIST_KEY_UIUserInterfaceStyle = Light;
				LD_RUNPATH_SEARCH_PATHS = (
					"$(inherited)",
					"@executable_path/Frameworks",
				);
				MARKETING_VERSION = 1.0;
				PRODUCT_BUNDLE_IDENTIFIER = com.GP37.Comi;
				PRODUCT_NAME = "$(TARGET_NAME)";
				PROVISIONING_PROFILE_SPECIFIER = "";
				"PROVISIONING_PROFILE_SPECIFIER[sdk=iphoneos*]" = "DEV 2024 Graduation Project";
				SWIFT_COMPILATION_MODE = singlefile;
				SWIFT_EMIT_LOC_STRINGS = YES;
				SWIFT_OPTIMIZATION_LEVEL = "-Onone";
				SWIFT_VERSION = 5.0;
				TARGETED_DEVICE_FAMILY = "1,2";
			};
			name = Debug;
		};
		864B3FCD2B9F1DBB00F51FF6 /* Release */ = {
			isa = XCBuildConfiguration;
			baseConfigurationReference = F105F5AECDC82DF7E227FF24 /* Pods-Comi.release.xcconfig */;
			buildSettings = {
				ASSETCATALOG_COMPILER_APPICON_NAME = AppIcon;
				ASSETCATALOG_COMPILER_GLOBAL_ACCENT_COLOR_NAME = AccentColor;
				"CODE_SIGN_IDENTITY[sdk=iphoneos*]" = "iPhone Developer: SeJun Lee (52S99J9KGC)";
				CODE_SIGN_STYLE = Manual;
				CURRENT_PROJECT_VERSION = 1;
				DEVELOPMENT_ASSET_PATHS = "\"Comi/Preview Content\"";
				DEVELOPMENT_TEAM = "";
				"DEVELOPMENT_TEAM[sdk=iphoneos*]" = Y333NVBXPT;
				ENABLE_PREVIEWS = YES;
				ENABLE_USER_SCRIPT_SANDBOXING = NO;
				GENERATE_INFOPLIST_FILE = YES;
				INFOPLIST_FILE = Comi/Support/Info.plist;
				INFOPLIST_KEY_NSMicrophoneUsageDescription = "마이크 권한 허용";
				INFOPLIST_KEY_UIApplicationSceneManifest_Generation = YES;
				INFOPLIST_KEY_UIApplicationSupportsIndirectInputEvents = YES;
				INFOPLIST_KEY_UILaunchScreen_Generation = YES;
				INFOPLIST_KEY_UISupportedInterfaceOrientations_iPad = "UIInterfaceOrientationPortrait UIInterfaceOrientationPortraitUpsideDown UIInterfaceOrientationLandscapeLeft UIInterfaceOrientationLandscapeRight";
				INFOPLIST_KEY_UISupportedInterfaceOrientations_iPhone = "UIInterfaceOrientationPortrait UIInterfaceOrientationLandscapeLeft UIInterfaceOrientationLandscapeRight";
				INFOPLIST_KEY_UIUserInterfaceStyle = Light;
				LD_RUNPATH_SEARCH_PATHS = (
					"$(inherited)",
					"@executable_path/Frameworks",
				);
				MARKETING_VERSION = 1.0;
				PRODUCT_BUNDLE_IDENTIFIER = com.GP37.Comi;
				PRODUCT_NAME = "$(TARGET_NAME)";
				PROVISIONING_PROFILE_SPECIFIER = "";
				"PROVISIONING_PROFILE_SPECIFIER[sdk=iphoneos*]" = "DEV 2024 Graduation Project";
				SWIFT_COMPILATION_MODE = wholemodule;
				SWIFT_EMIT_LOC_STRINGS = YES;
				SWIFT_OPTIMIZATION_LEVEL = "-O";
				SWIFT_VERSION = 5.0;
				TARGETED_DEVICE_FAMILY = "1,2";
			};
			name = Release;
		};
/* End XCBuildConfiguration section */

/* Begin XCConfigurationList section */
		864B3FB82B9F1DBA00F51FF6 /* Build configuration list for PBXProject "Comi" */ = {
			isa = XCConfigurationList;
			buildConfigurations = (
				864B3FC92B9F1DBB00F51FF6 /* Debug */,
				864B3FCA2B9F1DBB00F51FF6 /* Release */,
			);
			defaultConfigurationIsVisible = 0;
			defaultConfigurationName = Release;
		};
		864B3FCB2B9F1DBB00F51FF6 /* Build configuration list for PBXNativeTarget "Comi" */ = {
			isa = XCConfigurationList;
			buildConfigurations = (
				864B3FCC2B9F1DBB00F51FF6 /* Debug */,
				864B3FCD2B9F1DBB00F51FF6 /* Release */,
			);
			defaultConfigurationIsVisible = 0;
			defaultConfigurationName = Release;
		};
/* End XCConfigurationList section */

/* Begin XCRemoteSwiftPackageReference section */
		860761E62BF3A4A1003AA468 /* XCRemoteSwiftPackageReference "supabase-swift" */ = {
			isa = XCRemoteSwiftPackageReference;
			repositoryURL = "https://github.com/supabase/supabase-swift.git";
			requirement = {
				kind = upToNextMajorVersion;
				minimumVersion = 2.5.1;
			};
		};
/* End XCRemoteSwiftPackageReference section */

/* Begin XCSwiftPackageProductDependency section */
		860761E72BF3A4A1003AA468 /* Supabase */ = {
			isa = XCSwiftPackageProductDependency;
			package = 860761E62BF3A4A1003AA468 /* XCRemoteSwiftPackageReference "supabase-swift" */;
			productName = Supabase;
		};
/* End XCSwiftPackageProductDependency section */
	};
	rootObject = 864B3FB52B9F1DBA00F51FF6 /* Project object */;
}
